
Microsoft Visual Studio Solution File, Format Version 12.00
# Visual Studio 15
VisualStudioVersion = 15.0.27703.2047
MinimumVisualStudioVersion = 10.0.40219.1
Project("{FAE04EC0-301F-11D3-BF4B-00C04F79EFBC}") = "CentralitaHerencia", "CentralitaHerencia\CentralitaHerencia.csproj", "{45721637-8371-4248-A5B5-3B0A02914500}"
EndProject
Project("{FAE04EC0-301F-11D3-BF4B-00C04F79EFBC}") = "Entidades", "Entidades\Entidades.csproj", "{8381A835-2364-4878-B793-9913EA86EAE1}"
EndProject
Global
	GlobalSection(SolutionConfigurationPlatforms) = preSolution
		Debug|Any CPU = Debug|Any CPU
		Release|Any CPU = Release|Any CPU
	EndGlobalSection
	GlobalSection(ProjectConfigurationPlatforms) = postSolution
		{45721637-8371-4248-A5B5-3B0A02914500}.Debug|Any CPU.ActiveCfg = Debug|Any CPU
		{45721637-8371-4248-A5B5-3B0A02914500}.Debug|Any CPU.Build.0 = Debug|Any CPU
		{45721637-8371-4248-A5B5-3B0A02914500}.Release|Any CPU.ActiveCfg = Release|Any CPU
		{45721637-8371-4248-A5B5-3B0A02914500}.Release|Any CPU.Build.0 = Release|Any CPU
		{8381A835-2364-4878-B793-9913EA86EAE1}.Debug|Any CPU.ActiveCfg = Debug|Any CPU
		{8381A835-2364-4878-B793-9913EA86EAE1}.Debug|Any CPU.Build.0 = Debug|Any CPU
		{8381A835-2364-4878-B793-9913EA86EAE1}.Release|Any CPU.ActiveCfg = Release|Any CPU
		{8381A835-2364-4878-B793-9913EA86EAE1}.Release|Any CPU.Build.0 = Release|Any CPU
	EndGlobalSection
	GlobalSection(SolutionProperties) = preSolution
		HideSolutionNode = FALSE
	EndGlobalSection
	GlobalSection(ExtensibilityGlobals) = postSolution
		SolutionGuid = {E33C6428-F6B0-40F6-A88E-33F346FBDA49}
	EndGlobalSection
EndGlobal
