
Microsoft Visual Studio Solution File, Format Version 12.00
# Visual Studio 15
VisualStudioVersion = 15.0.27703.2047
MinimumVisualStudioVersion = 10.0.40219.1
Project("{FAE04EC0-301F-11D3-BF4B-00C04F79EFBC}") = "personaASD", "personaASD\personaASD.csproj", "{3C16A0E0-D139-4698-8F70-1E82435CDC99}"
EndProject
Project("{FAE04EC0-301F-11D3-BF4B-00C04F79EFBC}") = "Entidades", "Entidades\Entidades.csproj", "{3E19785B-F5D4-460D-A34F-6BB00CCD735C}"
EndProject
Global
	GlobalSection(SolutionConfigurationPlatforms) = preSolution
		Debug|Any CPU = Debug|Any CPU
		Release|Any CPU = Release|Any CPU
	EndGlobalSection
	GlobalSection(ProjectConfigurationPlatforms) = postSolution
		{3C16A0E0-D139-4698-8F70-1E82435CDC99}.Debug|Any CPU.ActiveCfg = Debug|Any CPU
		{3C16A0E0-D139-4698-8F70-1E82435CDC99}.Debug|Any CPU.Build.0 = Debug|Any CPU
		{3C16A0E0-D139-4698-8F70-1E82435CDC99}.Release|Any CPU.ActiveCfg = Release|Any CPU
		{3C16A0E0-D139-4698-8F70-1E82435CDC99}.Release|Any CPU.Build.0 = Release|Any CPU
		{3E19785B-F5D4-460D-A34F-6BB00CCD735C}.Debug|Any CPU.ActiveCfg = Debug|Any CPU
		{3E19785B-F5D4-460D-A34F-6BB00CCD735C}.Debug|Any CPU.Build.0 = Debug|Any CPU
		{3E19785B-F5D4-460D-A34F-6BB00CCD735C}.Release|Any CPU.ActiveCfg = Release|Any CPU
		{3E19785B-F5D4-460D-A34F-6BB00CCD735C}.Release|Any CPU.Build.0 = Release|Any CPU
	EndGlobalSection
	GlobalSection(SolutionProperties) = preSolution
		HideSolutionNode = FALSE
	EndGlobalSection
	GlobalSection(ExtensibilityGlobals) = postSolution
		SolutionGuid = {47519C39-810F-4EB4-B5F9-C8142F752958}
	EndGlobalSection
EndGlobal
