
Microsoft Visual Studio Solution File, Format Version 12.00
# Visual Studio 15
VisualStudioVersion = 15.0.27703.2047
MinimumVisualStudioVersion = 10.0.40219.1
Project("{FAE04EC0-301F-11D3-BF4B-00C04F79EFBC}") = "GuiaEjercicio1", "GuiaEjercicio1\GuiaEjercicio1.csproj", "{AF62C7C5-D73E-41A1-A12B-18369204732F}"
EndProject
Global
	GlobalSection(SolutionConfigurationPlatforms) = preSolution
		Debug|Any CPU = Debug|Any CPU
		Release|Any CPU = Release|Any CPU
	EndGlobalSection
	GlobalSection(ProjectConfigurationPlatforms) = postSolution
		{AF62C7C5-D73E-41A1-A12B-18369204732F}.Debug|Any CPU.ActiveCfg = Debug|Any CPU
		{AF62C7C5-D73E-41A1-A12B-18369204732F}.Debug|Any CPU.Build.0 = Debug|Any CPU
		{AF62C7C5-D73E-41A1-A12B-18369204732F}.Release|Any CPU.ActiveCfg = Release|Any CPU
		{AF62C7C5-D73E-41A1-A12B-18369204732F}.Release|Any CPU.Build.0 = Release|Any CPU
	EndGlobalSection
	GlobalSection(SolutionProperties) = preSolution
		HideSolutionNode = FALSE
	EndGlobalSection
	GlobalSection(ExtensibilityGlobals) = postSolution
		SolutionGuid = {DB0A5514-4295-485B-A6F6-F34935DCEEB5}
	EndGlobalSection
EndGlobal
