
Microsoft Visual Studio Solution File, Format Version 12.00
# Visual Studio 15
VisualStudioVersion = 15.0.27703.2047
MinimumVisualStudioVersion = 10.0.40219.1
Project("{FAE04EC0-301F-11D3-BF4B-00C04F79EFBC}") = "RPP", "20190528 - Gonzalez.Santiago\RPP.csproj", "{4FC1C662-1C00-482A-B2B8-3D0908A3F52A}"
EndProject
Project("{FAE04EC0-301F-11D3-BF4B-00C04F79EFBC}") = "Entidades", "Entidades\Entidades.csproj", "{4552EC74-684B-468B-BD29-0BE94FA5E7DF}"
EndProject
Project("{FAE04EC0-301F-11D3-BF4B-00C04F79EFBC}") = "Sender", "Sender\Sender.csproj", "{616B4C70-9B31-478D-852E-6717EC4DC72E}"
EndProject
Global
	GlobalSection(SolutionConfigurationPlatforms) = preSolution
		Debug|Any CPU = Debug|Any CPU
		Release|Any CPU = Release|Any CPU
	EndGlobalSection
	GlobalSection(ProjectConfigurationPlatforms) = postSolution
		{4FC1C662-1C00-482A-B2B8-3D0908A3F52A}.Debug|Any CPU.ActiveCfg = Debug|Any CPU
		{4FC1C662-1C00-482A-B2B8-3D0908A3F52A}.Debug|Any CPU.Build.0 = Debug|Any CPU
		{4FC1C662-1C00-482A-B2B8-3D0908A3F52A}.Release|Any CPU.ActiveCfg = Release|Any CPU
		{4FC1C662-1C00-482A-B2B8-3D0908A3F52A}.Release|Any CPU.Build.0 = Release|Any CPU
		{4552EC74-684B-468B-BD29-0BE94FA5E7DF}.Debug|Any CPU.ActiveCfg = Debug|Any CPU
		{4552EC74-684B-468B-BD29-0BE94FA5E7DF}.Debug|Any CPU.Build.0 = Debug|Any CPU
		{4552EC74-684B-468B-BD29-0BE94FA5E7DF}.Release|Any CPU.ActiveCfg = Release|Any CPU
		{4552EC74-684B-468B-BD29-0BE94FA5E7DF}.Release|Any CPU.Build.0 = Release|Any CPU
		{616B4C70-9B31-478D-852E-6717EC4DC72E}.Debug|Any CPU.ActiveCfg = Debug|Any CPU
		{616B4C70-9B31-478D-852E-6717EC4DC72E}.Debug|Any CPU.Build.0 = Debug|Any CPU
		{616B4C70-9B31-478D-852E-6717EC4DC72E}.Release|Any CPU.ActiveCfg = Release|Any CPU
		{616B4C70-9B31-478D-852E-6717EC4DC72E}.Release|Any CPU.Build.0 = Release|Any CPU
	EndGlobalSection
	GlobalSection(SolutionProperties) = preSolution
		HideSolutionNode = FALSE
	EndGlobalSection
	GlobalSection(ExtensibilityGlobals) = postSolution
		SolutionGuid = {947D0072-0DB3-4AC3-9EB1-19FDB78BDE91}
	EndGlobalSection
EndGlobal
